// !$*UTF8*$!
{
	archiveVersion = 1;
	classes = {
	};
	objectVersion = 46;
	objects = {

/* Begin PBXBuildFile section */
		8C10C7321E110F8C0029EB9A /* main.m in Sources */ = {isa = PBXBuildFile; fileRef = 8C10C7311E110F8C0029EB9A /* main.m */; };
		8C10C7351E110F8C0029EB9A /* AppDelegate.m in Sources */ = {isa = PBXBuildFile; fileRef = 8C10C7341E110F8C0029EB9A /* AppDelegate.m */; };
		8C10C7381E110F8C0029EB9A /* ViewController.m in Sources */ = {isa = PBXBuildFile; fileRef = 8C10C7371E110F8C0029EB9A /* ViewController.m */; };
		8C10C73B1E110F8C0029EB9A /* Main.storyboard in Resources */ = {isa = PBXBuildFile; fileRef = 8C10C7391E110F8C0029EB9A /* Main.storyboard */; };
		8C10C73D1E110F8C0029EB9A /* Assets.xcassets in Resources */ = {isa = PBXBuildFile; fileRef = 8C10C73C1E110F8C0029EB9A /* Assets.xcassets */; };
		8C10C7401E110F8C0029EB9A /* LaunchScreen.storyboard in Resources */ = {isa = PBXBuildFile; fileRef = 8C10C73E1E110F8C0029EB9A /* LaunchScreen.storyboard */; };
		8C10C74C1E110F930029EB9A /* UICKeyChainStore.m in Sources */ = {isa = PBXBuildFile; fileRef = 8C10C74A1E110F930029EB9A /* UICKeyChainStore.m */; };
/* End PBXBuildFile section */

/* Begin PBXFileReference section */
		8C10C72D1E110F8C0029EB9A /* test2.app */ = {isa = PBXFileReference; explicitFileType = wrapper.application; includeInIndex = 0; path = test2.app; sourceTree = BUILT_PRODUCTS_DIR; };
		8C10C7311E110F8C0029EB9A /* main.m */ = {isa = PBXFileReference; lastKnownFileType = sourcecode.c.objc; path = main.m; sourceTree = "<group>"; };
		8C10C7331E110F8C0029EB9A /* AppDelegate.h */ = {isa = PBXFileReference; lastKnownFileType = sourcecode.c.h; path = AppDelegate.h; sourceTree = "<group>"; };
		8C10C7341E110F8C0029EB9A /* AppDelegate.m */ = {isa = PBXFileReference; lastKnownFileType = sourcecode.c.objc; path = AppDelegate.m; sourceTree = "<group>"; };
		8C10C7361E110F8C0029EB9A /* ViewController.h */ = {isa = PBXFileReference; lastKnownFileType = sourcecode.c.h; path = ViewController.h; sourceTree = "<group>"; };
		8C10C7371E110F8C0029EB9A /* ViewController.m */ = {isa = PBXFileReference; lastKnownFileType = sourcecode.c.objc; path = ViewController.m; sourceTree = "<group>"; };
		8C10C73A1E110F8C0029EB9A /* Base */ = {isa = PBXFileReference; lastKnownFileType = file.storyboard; name = Base; path = Base.lproj/Main.storyboard; sourceTree = "<group>"; };
		8C10C73C1E110F8C0029EB9A /* Assets.xcassets */ = {isa = PBXFileReference; lastKnownFileType = folder.assetcatalog; path = Assets.xcassets; sourceTree = "<group>"; };
		8C10C73F1E110F8C0029EB9A /* Base */ = {isa = PBXFileReference; lastKnownFileType = file.storyboard; name = Base; path = Base.lproj/LaunchScreen.storyboard; sourceTree = "<group>"; };
		8C10C7411E110F8C0029EB9A /* Info.plist */ = {isa = PBXFileReference; lastKnownFileType = text.plist.xml; path = Info.plist; sourceTree = "<group>"; };
		8C10C7491E110F930029EB9A /* UICKeyChainStore.h */ = {isa = PBXFileReference; fileEncoding = 4; lastKnownFileType = sourcecode.c.h; path = UICKeyChainStore.h; sourceTree = "<group>"; };
		8C10C74A1E110F930029EB9A /* UICKeyChainStore.m */ = {isa = PBXFileReference; fileEncoding = 4; lastKnownFileType = sourcecode.c.objc; path = UICKeyChainStore.m; sourceTree = "<group>"; };
		8C10C74D1E1111EE0029EB9A /* test2.entitlements */ = {isa = PBXFileReference; lastKnownFileType = text.plist.entitlements; path = test2.entitlements; sourceTree = "<group>"; };
/* End PBXFileReference section */

/* Begin PBXFrameworksBuildPhase section */
		8C10C72A1E110F8C0029EB9A /* Frameworks */ = {
			isa = PBXFrameworksBuildPhase;
			buildActionMask = 2147483647;
			files = (
			);
			runOnlyForDeploymentPostprocessing = 0;
		};
/* End PBXFrameworksBuildPhase section */

/* Begin PBXGroup section */
		8C10C7241E110F8C0029EB9A = {
			isa = PBXGroup;
			children = (
				8C10C7471E110F930029EB9A /* UICKeyChainStore */,
				8C10C72F1E110F8C0029EB9A /* test2 */,
				8C10C72E1E110F8C0029EB9A /* Products */,
			);
			sourceTree = "<group>";
		};
		8C10C72E1E110F8C0029EB9A /* Products */ = {
			isa = PBXGroup;
			children = (
				8C10C72D1E110F8C0029EB9A /* test2.app */,
			);
			name = Products;
			sourceTree = "<group>";
		};
		8C10C72F1E110F8C0029EB9A /* test2 */ = {
			isa = PBXGroup;
			children = (
				8C10C74D1E1111EE0029EB9A /* test2.entitlements */,
				8C10C7331E110F8C0029EB9A /* AppDelegate.h */,
				8C10C7341E110F8C0029EB9A /* AppDelegate.m */,
				8C10C7361E110F8C0029EB9A /* ViewController.h */,
				8C10C7371E110F8C0029EB9A /* ViewController.m */,
				8C10C7391E110F8C0029EB9A /* Main.storyboard */,
				8C10C73C1E110F8C0029EB9A /* Assets.xcassets */,
				8C10C73E1E110F8C0029EB9A /* LaunchScreen.storyboard */,
				8C10C7411E110F8C0029EB9A /* Info.plist */,
				8C10C7301E110F8C0029EB9A /* Supporting Files */,
			);
			path = test2;
			sourceTree = "<group>";
		};
		8C10C7301E110F8C0029EB9A /* Supporting Files */ = {
			isa = PBXGroup;
			children = (
				8C10C7311E110F8C0029EB9A /* main.m */,
			);
			name = "Supporting Files";
			sourceTree = "<group>";
		};
		8C10C7471E110F930029EB9A /* UICKeyChainStore */ = {
			isa = PBXGroup;
			children = (
				8C10C7491E110F930029EB9A /* UICKeyChainStore.h */,
				8C10C74A1E110F930029EB9A /* UICKeyChainStore.m */,
			);
			path = UICKeyChainStore;
			sourceTree = "<group>";
		};
/* End PBXGroup section */

/* Begin PBXNativeTarget section */
		8C10C72C1E110F8C0029EB9A /* test2 */ = {
			isa = PBXNativeTarget;
			buildConfigurationList = 8C10C7441E110F8C0029EB9A /* Build configuration list for PBXNativeTarget "test2" */;
			buildPhases = (
				8C10C7291E110F8C0029EB9A /* Sources */,
				8C10C72A1E110F8C0029EB9A /* Frameworks */,
				8C10C72B1E110F8C0029EB9A /* Resources */,
			);
			buildRules = (
			);
			dependencies = (
			);
			name = test2;
			productName = test2;
			productReference = 8C10C72D1E110F8C0029EB9A /* test2.app */;
			productType = "com.apple.product-type.application";
		};
/* End PBXNativeTarget section */

/* Begin PBXProject section */
		8C10C7251E110F8C0029EB9A /* Project object */ = {
			isa = PBXProject;
			attributes = {
				LastUpgradeCheck = 0810;
				ORGANIZATIONNAME = "十国";
				TargetAttributes = {
					8C10C72C1E110F8C0029EB9A = {
						CreatedOnToolsVersion = 8.1;
						DevelopmentTeam = 5A82W22UE3;
						ProvisioningStyle = Automatic;
						SystemCapabilities = {
							com.apple.Keychain = {
								enabled = 1;
							};
						};
					};
				};
			};
			buildConfigurationList = 8C10C7281E110F8C0029EB9A /* Build configuration list for PBXProject "test2" */;
			compatibilityVersion = "Xcode 3.2";
			developmentRegion = English;
			hasScannedForEncodings = 0;
			knownRegions = (
				en,
				Base,
			);
			mainGroup = 8C10C7241E110F8C0029EB9A;
			productRefGroup = 8C10C72E1E110F8C0029EB9A /* Products */;
			projectDirPath = "";
			projectRoot = "";
			targets = (
				8C10C72C1E110F8C0029EB9A /* test2 */,
			);
		};
/* End PBXProject section */

/* Begin PBXResourcesBuildPhase section */
		8C10C72B1E110F8C0029EB9A /* Resources */ = {
			isa = PBXResourcesBuildPhase;
			buildActionMask = 2147483647;
			files = (
				8C10C7401E110F8C0029EB9A /* LaunchScreen.storyboard in Resources */,
				8C10C73D1E110F8C0029EB9A /* Assets.xcassets in Resources */,
				8C10C73B1E110F8C0029EB9A /* Main.storyboard in Resources */,
			);
			runOnlyForDeploymentPostprocessing = 0;
		};
/* End PBXResourcesBuildPhase section */

/* Begin PBXSourcesBuildPhase section */
		8C10C7291E110F8C0029EB9A /* Sources */ = {
			isa = PBXSourcesBuildPhase;
			buildActionMask = 2147483647;
			files = (
				8C10C7381E110F8C0029EB9A /* ViewController.m in Sources */,
				8C10C7351E110F8C0029EB9A /* AppDelegate.m in Sources */,
				8C10C7321E110F8C0029EB9A /* main.m in Sources */,
				8C10C74C1E110F930029EB9A /* UICKeyChainStore.m in Sources */,
			);
			runOnlyForDeploymentPostprocessing = 0;
		};
/* End PBXSourcesBuildPhase section */

/* Begin PBXVariantGroup section */
		8C10C7391E110F8C0029EB9A /* Main.storyboard */ = {
			isa = PBXVariantGroup;
			children = (
				8C10C73A1E110F8C0029EB9A /* Base */,
			);
			name = Main.storyboard;
			sourceTree = "<group>";
		};
		8C10C73E1E110F8C0029EB9A /* LaunchScreen.storyboard */ = {
			isa = PBXVariantGroup;
			children = (
				8C10C73F1E110F8C0029EB9A /* Base */,
			);
			name = LaunchScreen.storyboard;
			sourceTree = "<group>";
		};
/* End PBXVariantGroup section */

/* Begin XCBuildConfiguration section */
		8C10C7421E110F8C0029EB9A /* Debug */ = {
			isa = XCBuildConfiguration;
			buildSettings = {
				ALWAYS_SEARCH_USER_PATHS = NO;
				CLANG_ANALYZER_NONNULL = YES;
				CLANG_CXX_LANGUAGE_STANDARD = "gnu++0x";
				CLANG_CXX_LIBRARY = "libc++";
				CLANG_ENABLE_MODULES = YES;
				CLANG_ENABLE_OBJC_ARC = YES;
				CLANG_WARN_BOOL_CONVERSION = YES;
				CLANG_WARN_CONSTANT_CONVERSION = YES;
				CLANG_WARN_DIRECT_OBJC_ISA_USAGE = YES_ERROR;
				CLANG_WARN_DOCUMENTATION_COMMENTS = YES;
				CLANG_WARN_EMPTY_BODY = YES;
				CLANG_WARN_ENUM_CONVERSION = YES;
				CLANG_WARN_INFINITE_RECURSION = YES;
				CLANG_WARN_INT_CONVERSION = YES;
				CLANG_WARN_OBJC_ROOT_CLASS = YES_ERROR;
				CLANG_WARN_SUSPICIOUS_MOVES = YES;
				CLANG_WARN_UNREACHABLE_CODE = YES;
				CLANG_WARN__DUPLICATE_METHOD_MATCH = YES;
				"CODE_SIGN_IDENTITY[sdk=iphoneos*]" = "iPhone Developer";
				COPY_PHASE_STRIP = NO;
				DEBUG_INFORMATION_FORMAT = dwarf;
				ENABLE_STRICT_OBJC_MSGSEND = YES;
				ENABLE_TESTABILITY = YES;
				GCC_C_LANGUAGE_STANDARD = gnu99;
				GCC_DYNAMIC_NO_PIC = NO;
				GCC_NO_COMMON_BLOCKS = YES;
				GCC_OPTIMIZATION_LEVEL = 0;
				GCC_PREPROCESSOR_DEFINITIONS = (
					"DEBUG=1",
					"$(inherited)",
				);
				GCC_WARN_64_TO_32_BIT_CONVERSION = YES;
				GCC_WARN_ABOUT_RETURN_TYPE = YES_ERROR;
				GCC_WARN_UNDECLARED_SELECTOR = YES;
				GCC_WARN_UNINITIALIZED_AUTOS = YES_AGGRESSIVE;
				GCC_WARN_UNUSED_FUNCTION = YES;
				GCC_WARN_UNUSED_VARIABLE = YES;
				IPHONEOS_DEPLOYMENT_TARGET = 10.1;
				MTL_ENABLE_DEBUG_INFO = YES;
				ONLY_ACTIVE_ARCH = YES;
				SDKROOT = iphoneos;
			};
			name = Debug;
		};
		8C10C7431E110F8C0029EB9A /* Release */ = {
			isa = XCBuildConfiguration;
			buildSettings = {
				ALWAYS_SEARCH_USER_PATHS = NO;
				CLANG_ANALYZER_NONNULL = YES;
				CLANG_CXX_LANGUAGE_STANDARD = "gnu++0x";
				CLANG_CXX_LIBRARY = "libc++";
				CLANG_ENABLE_MODULES = YES;
				CLANG_ENABLE_OBJC_ARC = YES;
				CLANG_WARN_BOOL_CONVERSION = YES;
				CLANG_WARN_CONSTANT_CONVERSION = YES;
				CLANG_WARN_DIRECT_OBJC_ISA_USAGE = YES_ERROR;
				CLANG_WARN_DOCUMENTATION_COMMENTS = YES;
				CLANG_WARN_EMPTY_BODY = YES;
				CLANG_WARN_ENUM_CONVERSION = YES;
				CLANG_WARN_INFINITE_RECURSION = YES;
				CLANG_WARN_INT_CONVERSION = YES;
				CLANG_WARN_OBJC_ROOT_CLASS = YES_ERROR;
				CLANG_WARN_SUSPICIOUS_MOVES = YES;
				CLANG_WARN_UNREACHABLE_CODE = YES;
				CLANG_WARN__DUPLICATE_METHOD_MATCH = YES;
				"CODE_SIGN_IDENTITY[sdk=iphoneos*]" = "iPhone Developer";
				COPY_PHASE_STRIP = NO;
				DEBUG_INFORMATION_FORMAT = "dwarf-with-dsym";
				ENABLE_NS_ASSERTIONS = NO;
				ENABLE_STRICT_OBJC_MSGSEND = YES;
				GCC_C_LANGUAGE_STANDARD = gnu99;
				GCC_NO_COMMON_BLOCKS = YES;
				GCC_WARN_64_TO_32_BIT_CONVERSION = YES;
				GCC_WARN_ABOUT_RETURN_TYPE = YES_ERROR;
				GCC_WARN_UNDECLARED_SELECTOR = YES;
				GCC_WARN_UNINITIALIZED_AUTOS = YES_AGGRESSIVE;
				GCC_WARN_UNUSED_FUNCTION = YES;
				GCC_WARN_UNUSED_VARIABLE = YES;
				IPHONEOS_DEPLOYMENT_TARGET = 10.1;
				MTL_ENABLE_DEBUG_INFO = NO;
				SDKROOT = iphoneos;
				VALIDATE_PRODUCT = YES;
			};
			name = Release;
		};
		8C10C7451E110F8C0029EB9A /* Debug */ = {
			isa = XCBuildConfiguration;
			buildSettings = {
				ASSETCATALOG_COMPILER_APPICON_NAME = AppIcon;
				CODE_SIGN_ENTITLEMENTS = test2/test2.entitlements;
				DEVELOPMENT_TEAM = 5A82W22UE3;
				INFOPLIST_FILE = test2/Info.plist;
				LD_RUNPATH_SEARCH_PATHS = "$(inherited) @executable_path/Frameworks";
				PRODUCT_BUNDLE_IDENTIFIER = sg.test2;
				PRODUCT_NAME = "$(TARGET_NAME)";
			};
			name = Debug;
		};
		8C10C7461E110F8C0029EB9A /* Release */ = {
			isa = XCBuildConfiguration;
			buildSettings = {
				ASSETCATALOG_COMPILER_APPICON_NAME = AppIcon;
				CODE_SIGN_ENTITLEMENTS = test2/test2.entitlements;
				DEVELOPMENT_TEAM = 5A82W22UE3;
				INFOPLIST_FILE = test2/Info.plist;
				LD_RUNPATH_SEARCH_PATHS = "$(inherited) @executable_path/Frameworks";
				PRODUCT_BUNDLE_IDENTIFIER = sg.test2;
				PRODUCT_NAME = "$(TARGET_NAME)";
			};
			name = Release;
		};
/* End XCBuildConfiguration section */

/* Begin XCConfigurationList section */
		8C10C7281E110F8C0029EB9A /* Build configuration list for PBXProject "test2" */ = {
			isa = XCConfigurationList;
			buildConfigurations = (
				8C10C7421E110F8C0029EB9A /* Debug */,
				8C10C7431E110F8C0029EB9A /* Release */,
			);
			defaultConfigurationIsVisible = 0;
			defaultConfigurationName = Release;
		};
		8C10C7441E110F8C0029EB9A /* Build configuration list for PBXNativeTarget "test2" */ = {
			isa = XCConfigurationList;
			buildConfigurations = (
				8C10C7451E110F8C0029EB9A /* Debug */,
				8C10C7461E110F8C0029EB9A /* Release */,
			);
			defaultConfigurationIsVisible = 0;
		};
/* End XCConfigurationList section */
	};
	rootObject = 8C10C7251E110F8C0029EB9A /* Project object */;
}
